
Microsoft Visual Studio Solution File, Format Version 12.00
# Visual Studio Version 16
VisualStudioVersion = 16.0.32929.386
MinimumVisualStudioVersion = 10.0.40219.1
Project("{9A19103F-16F7-4668-BE54-9A1E7A4F7556}") = "crud_api", "crud_api\crud_api.csproj", "{6838C6E9-8AA8-40EA-AD44-E6349622DAA3}"
EndProject
Project("{FAE04EC0-301F-11D3-BF4B-00C04F79EFBC}") = "crud_application", "crud_application\crud_application.csproj", "{1AFBD05A-41F9-4AA6-A353-4C0BB036626E}"
EndProject
Global
	GlobalSection(SolutionConfigurationPlatforms) = preSolution
		Debug|Any CPU = Debug|Any CPU
		Release|Any CPU = Release|Any CPU
	EndGlobalSection
	GlobalSection(ProjectConfigurationPlatforms) = postSolution
		{6838C6E9-8AA8-40EA-AD44-E6349622DAA3}.Debug|Any CPU.ActiveCfg = Debug|Any CPU
		{6838C6E9-8AA8-40EA-AD44-E6349622DAA3}.Debug|Any CPU.Build.0 = Debug|Any CPU
		{6838C6E9-8AA8-40EA-AD44-E6349622DAA3}.Release|Any CPU.ActiveCfg = Release|Any CPU
		{6838C6E9-8AA8-40EA-AD44-E6349622DAA3}.Release|Any CPU.Build.0 = Release|Any CPU
		{1AFBD05A-41F9-4AA6-A353-4C0BB036626E}.Debug|Any CPU.ActiveCfg = Debug|Any CPU
		{1AFBD05A-41F9-4AA6-A353-4C0BB036626E}.Debug|Any CPU.Build.0 = Debug|Any CPU
		{1AFBD05A-41F9-4AA6-A353-4C0BB036626E}.Release|Any CPU.ActiveCfg = Release|Any CPU
		{1AFBD05A-41F9-4AA6-A353-4C0BB036626E}.Release|Any CPU.Build.0 = Release|Any CPU
	EndGlobalSection
	GlobalSection(SolutionProperties) = preSolution
		HideSolutionNode = FALSE
	EndGlobalSection
	GlobalSection(ExtensibilityGlobals) = postSolution
		SolutionGuid = {CE8FD612-B26E-4DCB-A174-7A41267F1393}
	EndGlobalSection
EndGlobal
